
Microsoft Visual Studio Solution File, Format Version 12.00
# Visual Studio Version 16
VisualStudioVersion = 16.0.33423.256
MinimumVisualStudioVersion = 10.0.40219.1
Project("{8BC9CEB8-8B4A-11D0-8D11-00A0C91BC942}") = "HelloWorld", "HelloWorld\HelloWorld.vcxproj", "{E7AAC658-E9D8-4A70-AA99-0EFA7091B5BF}"
EndProject
Project("{8BC9CEB8-8B4A-11D0-8D11-00A0C91BC942}") = "01_Week", "01_Week\01_Week.vcxproj", "{CA662B06-05EA-49E9-8270-FADE45C91482}"
EndProject
Project("{8BC9CEB8-8B4A-11D0-8D11-00A0C91BC942}") = "1_3_Payroll", "1_3_Payroll\1_3_Payroll.vcxproj", "{D225090B-7063-4AE4-8D4D-DBDFA04B6948}"
EndProject
Project("{8BC9CEB8-8B4A-11D0-8D11-00A0C91BC942}") = "2_1_DataType", "2_1_DataType\2_1_DataType.vcxproj", "{85C76CA3-D4A4-481F-8C16-7865D6247722}"
EndProject
Global
	GlobalSection(SolutionConfigurationPlatforms) = preSolution
		Debug|x64 = Debug|x64
		Debug|x86 = Debug|x86
		Release|x64 = Release|x64
		Release|x86 = Release|x86
	EndGlobalSection
	GlobalSection(ProjectConfigurationPlatforms) = postSolution
		{E7AAC658-E9D8-4A70-AA99-0EFA7091B5BF}.Debug|x64.ActiveCfg = Debug|x64
		{E7AAC658-E9D8-4A70-AA99-0EFA7091B5BF}.Debug|x64.Build.0 = Debug|x64
		{E7AAC658-E9D8-4A70-AA99-0EFA7091B5BF}.Debug|x86.ActiveCfg = Debug|Win32
		{E7AAC658-E9D8-4A70-AA99-0EFA7091B5BF}.Debug|x86.Build.0 = Debug|Win32
		{E7AAC658-E9D8-4A70-AA99-0EFA7091B5BF}.Release|x64.ActiveCfg = Release|x64
		{E7AAC658-E9D8-4A70-AA99-0EFA7091B5BF}.Release|x64.Build.0 = Release|x64
		{E7AAC658-E9D8-4A70-AA99-0EFA7091B5BF}.Release|x86.ActiveCfg = Release|Win32
		{E7AAC658-E9D8-4A70-AA99-0EFA7091B5BF}.Release|x86.Build.0 = Release|Win32
		{CA662B06-05EA-49E9-8270-FADE45C91482}.Debug|x64.ActiveCfg = Debug|x64
		{CA662B06-05EA-49E9-8270-FADE45C91482}.Debug|x64.Build.0 = Debug|x64
		{CA662B06-05EA-49E9-8270-FADE45C91482}.Debug|x86.ActiveCfg = Debug|Win32
		{CA662B06-05EA-49E9-8270-FADE45C91482}.Debug|x86.Build.0 = Debug|Win32
		{CA662B06-05EA-49E9-8270-FADE45C91482}.Release|x64.ActiveCfg = Release|x64
		{CA662B06-05EA-49E9-8270-FADE45C91482}.Release|x64.Build.0 = Release|x64
		{CA662B06-05EA-49E9-8270-FADE45C91482}.Release|x86.ActiveCfg = Release|Win32
		{CA662B06-05EA-49E9-8270-FADE45C91482}.Release|x86.Build.0 = Release|Win32
		{D225090B-7063-4AE4-8D4D-DBDFA04B6948}.Debug|x64.ActiveCfg = Debug|x64
		{D225090B-7063-4AE4-8D4D-DBDFA04B6948}.Debug|x64.Build.0 = Debug|x64
		{D225090B-7063-4AE4-8D4D-DBDFA04B6948}.Debug|x86.ActiveCfg = Debug|Win32
		{D225090B-7063-4AE4-8D4D-DBDFA04B6948}.Debug|x86.Build.0 = Debug|Win32
		{D225090B-7063-4AE4-8D4D-DBDFA04B6948}.Release|x64.ActiveCfg = Release|x64
		{D225090B-7063-4AE4-8D4D-DBDFA04B6948}.Release|x64.Build.0 = Release|x64
		{D225090B-7063-4AE4-8D4D-DBDFA04B6948}.Release|x86.ActiveCfg = Release|Win32
		{D225090B-7063-4AE4-8D4D-DBDFA04B6948}.Release|x86.Build.0 = Release|Win32
		{85C76CA3-D4A4-481F-8C16-7865D6247722}.Debug|x64.ActiveCfg = Debug|x64
		{85C76CA3-D4A4-481F-8C16-7865D6247722}.Debug|x64.Build.0 = Debug|x64
		{85C76CA3-D4A4-481F-8C16-7865D6247722}.Debug|x86.ActiveCfg = Debug|Win32
		{85C76CA3-D4A4-481F-8C16-7865D6247722}.Debug|x86.Build.0 = Debug|Win32
		{85C76CA3-D4A4-481F-8C16-7865D6247722}.Release|x64.ActiveCfg = Release|x64
		{85C76CA3-D4A4-481F-8C16-7865D6247722}.Release|x64.Build.0 = Release|x64
		{85C76CA3-D4A4-481F-8C16-7865D6247722}.Release|x86.ActiveCfg = Release|Win32
		{85C76CA3-D4A4-481F-8C16-7865D6247722}.Release|x86.Build.0 = Release|Win32
	EndGlobalSection
	GlobalSection(SolutionProperties) = preSolution
		HideSolutionNode = FALSE
	EndGlobalSection
	GlobalSection(ExtensibilityGlobals) = postSolution
		SolutionGuid = {50F43C8F-5EC7-4843-8F7F-699FF082927A}
	EndGlobalSection
EndGlobal
